
Microsoft Visual Studio Solution File, Format Version 12.00
# Visual Studio Version 17
VisualStudioVersion = 17.6.33815.320
MinimumVisualStudioVersion = 10.0.40219.1
Project("{FAE04EC0-301F-11D3-BF4B-00C04F79EFBC}") = "Boutiqueportalm", "Boutiqueportalm\Boutiqueportalm.csproj", "{F7AD41B3-CD7C-48A3-BDBF-63993B80F2C6}"
EndProject
Project("{FAE04EC0-301F-11D3-BF4B-00C04F79EFBC}") = "RepoServices", "RepoServices\RepoServices.csproj", "{85DAF111-7D2F-45E0-B5B3-BFE6BE3F6DF6}"
EndProject
Project("{FAE04EC0-301F-11D3-BF4B-00C04F79EFBC}") = "RepoModel", "RepoModel\RepoModel.csproj", "{58AC7C36-4870-4AAD-83E8-6AB4E97F2B30}"
EndProject
Project("{FAE04EC0-301F-11D3-BF4B-00C04F79EFBC}") = "RepoExample", "RepoExample\RepoExample.csproj", "{EB59C220-F20C-4C12-88F7-7E6FCB88CA2A}"
EndProject
Global
	GlobalSection(SolutionConfigurationPlatforms) = preSolution
		Debug|Any CPU = Debug|Any CPU
		Release|Any CPU = Release|Any CPU
	EndGlobalSection
	GlobalSection(ProjectConfigurationPlatforms) = postSolution
		{F7AD41B3-CD7C-48A3-BDBF-63993B80F2C6}.Debug|Any CPU.ActiveCfg = Debug|Any CPU
		{F7AD41B3-CD7C-48A3-BDBF-63993B80F2C6}.Debug|Any CPU.Build.0 = Debug|Any CPU
		{F7AD41B3-CD7C-48A3-BDBF-63993B80F2C6}.Release|Any CPU.ActiveCfg = Release|Any CPU
		{F7AD41B3-CD7C-48A3-BDBF-63993B80F2C6}.Release|Any CPU.Build.0 = Release|Any CPU
		{85DAF111-7D2F-45E0-B5B3-BFE6BE3F6DF6}.Debug|Any CPU.ActiveCfg = Debug|Any CPU
		{85DAF111-7D2F-45E0-B5B3-BFE6BE3F6DF6}.Debug|Any CPU.Build.0 = Debug|Any CPU
		{85DAF111-7D2F-45E0-B5B3-BFE6BE3F6DF6}.Release|Any CPU.ActiveCfg = Release|Any CPU
		{85DAF111-7D2F-45E0-B5B3-BFE6BE3F6DF6}.Release|Any CPU.Build.0 = Release|Any CPU
		{58AC7C36-4870-4AAD-83E8-6AB4E97F2B30}.Debug|Any CPU.ActiveCfg = Debug|Any CPU
		{58AC7C36-4870-4AAD-83E8-6AB4E97F2B30}.Debug|Any CPU.Build.0 = Debug|Any CPU
		{58AC7C36-4870-4AAD-83E8-6AB4E97F2B30}.Release|Any CPU.ActiveCfg = Release|Any CPU
		{58AC7C36-4870-4AAD-83E8-6AB4E97F2B30}.Release|Any CPU.Build.0 = Release|Any CPU
		{EB59C220-F20C-4C12-88F7-7E6FCB88CA2A}.Debug|Any CPU.ActiveCfg = Debug|Any CPU
		{EB59C220-F20C-4C12-88F7-7E6FCB88CA2A}.Debug|Any CPU.Build.0 = Debug|Any CPU
		{EB59C220-F20C-4C12-88F7-7E6FCB88CA2A}.Release|Any CPU.ActiveCfg = Release|Any CPU
		{EB59C220-F20C-4C12-88F7-7E6FCB88CA2A}.Release|Any CPU.Build.0 = Release|Any CPU
	EndGlobalSection
	GlobalSection(SolutionProperties) = preSolution
		HideSolutionNode = FALSE
	EndGlobalSection
	GlobalSection(ExtensibilityGlobals) = postSolution
		SolutionGuid = {61FB2EB7-BAFF-4ECD-962C-9335D7B93C36}
	EndGlobalSection
EndGlobal
